
Microsoft Visual Studio Solution File, Format Version 12.00
# Visual Studio Version 17
VisualStudioVersion = 17.13.35931.197 d17.13
MinimumVisualStudioVersion = 10.0.40219.1
Project("{8BC9CEB8-8B4A-11D0-8D11-00A0C91BC942}") = "binarytrees", "binarytrees\binarytrees.vcxproj", "{960F2150-7A81-427A-9406-9C7B62D41ADF}"
EndProject
Global
	GlobalSection(SolutionConfigurationPlatforms) = preSolution
		Debug|x64 = Debug|x64
		Debug|x86 = Debug|x86
		Release|x64 = Release|x64
		Release|x86 = Release|x86
	EndGlobalSection
	GlobalSection(ProjectConfigurationPlatforms) = postSolution
		{960F2150-7A81-427A-9406-9C7B62D41ADF}.Debug|x64.ActiveCfg = Debug|x64
		{960F2150-7A81-427A-9406-9C7B62D41ADF}.Debug|x64.Build.0 = Debug|x64
		{960F2150-7A81-427A-9406-9C7B62D41ADF}.Debug|x86.ActiveCfg = Debug|Win32
		{960F2150-7A81-427A-9406-9C7B62D41ADF}.Debug|x86.Build.0 = Debug|Win32
		{960F2150-7A81-427A-9406-9C7B62D41ADF}.Release|x64.ActiveCfg = Release|x64
		{960F2150-7A81-427A-9406-9C7B62D41ADF}.Release|x64.Build.0 = Release|x64
		{960F2150-7A81-427A-9406-9C7B62D41ADF}.Release|x86.ActiveCfg = Release|Win32
		{960F2150-7A81-427A-9406-9C7B62D41ADF}.Release|x86.Build.0 = Release|Win32
	EndGlobalSection
	GlobalSection(SolutionProperties) = preSolution
		HideSolutionNode = FALSE
	EndGlobalSection
	GlobalSection(ExtensibilityGlobals) = postSolution
		SolutionGuid = {281AA0CD-D045-46F8-8241-E1CF2D8F61A7}
	EndGlobalSection
EndGlobal
